
Microsoft Visual Studio Solution File, Format Version 12.00
# Visual Studio Version 16
VisualStudioVersion = 16.0.29025.244
MinimumVisualStudioVersion = 10.0.40219.1
Project("{8BC9CEB8-8B4A-11D0-8D11-00A0C91BC942}") = "leetcode", "leetcode.vcxproj", "{DF9AD6E8-A56F-4503-9898-ABEF5A615575}"
EndProject
Global
	GlobalSection(SolutionConfigurationPlatforms) = preSolution
		Debug|x64 = Debug|x64
		Debug|x86 = Debug|x86
		Release|x64 = Release|x64
		Release|x86 = Release|x86
	EndGlobalSection
	GlobalSection(ProjectConfigurationPlatforms) = postSolution
		{DF9AD6E8-A56F-4503-9898-ABEF5A615575}.Debug|x64.ActiveCfg = Debug|x64
		{DF9AD6E8-A56F-4503-9898-ABEF5A615575}.Debug|x64.Build.0 = Debug|x64
		{DF9AD6E8-A56F-4503-9898-ABEF5A615575}.Debug|x86.ActiveCfg = Debug|Win32
		{DF9AD6E8-A56F-4503-9898-ABEF5A615575}.Debug|x86.Build.0 = Debug|Win32
		{DF9AD6E8-A56F-4503-9898-ABEF5A615575}.Release|x64.ActiveCfg = Release|x64
		{DF9AD6E8-A56F-4503-9898-ABEF5A615575}.Release|x64.Build.0 = Release|x64
		{DF9AD6E8-A56F-4503-9898-ABEF5A615575}.Release|x86.ActiveCfg = Release|Win32
		{DF9AD6E8-A56F-4503-9898-ABEF5A615575}.Release|x86.Build.0 = Release|Win32
	EndGlobalSection
	GlobalSection(SolutionProperties) = preSolution
		HideSolutionNode = FALSE
	EndGlobalSection
	GlobalSection(ExtensibilityGlobals) = postSolution
		SolutionGuid = {9BCC1C5A-822C-444B-A386-B5EDAEE6C2EA}
	EndGlobalSection
EndGlobal
